Microsoft Visual Studio Solution File, Format Version 8.00
Project("{FAE04EC0-301F-11D3-BF4B-00C04F79EFBC}") = "QbeSAS", "QbeSAS\QbeSAS.csproj", "{19EC86BD-7721-43E9-AE83-73E445BC7B64}"
	ProjectSection(ProjectDependencies) = postProject
	EndProjectSection
EndProject
Project("{FAE04EC0-301F-11D3-BF4B-00C04F79EFBC}") = "QbeTray", "QbeTray\QbeTray.csproj", "{806DEF16-523C-4365-8722-043455E06874}"
	ProjectSection(ProjectDependencies) = postProject
	EndProjectSection
EndProject
Project("{FAE04EC0-301F-11D3-BF4B-00C04F79EFBC}") = "QbeLoginScript", "QbeLoginScript\QbeLoginScript.csproj", "{B1BC03B4-7078-4B44-8CDA-C0FF0BDD0C58}"
	ProjectSection(ProjectDependencies) = postProject
	EndProjectSection
EndProject
Global
	GlobalSection(SolutionConfiguration) = preSolution
		Debug = Debug
		Release = Release
	EndGlobalSection
	GlobalSection(ProjectConfiguration) = postSolution
		{19EC86BD-7721-43E9-AE83-73E445BC7B64}.Debug.ActiveCfg = Debug|.NET
		{19EC86BD-7721-43E9-AE83-73E445BC7B64}.Debug.Build.0 = Debug|.NET
		{19EC86BD-7721-43E9-AE83-73E445BC7B64}.Release.ActiveCfg = Release|.NET
		{19EC86BD-7721-43E9-AE83-73E445BC7B64}.Release.Build.0 = Release|.NET
		{806DEF16-523C-4365-8722-043455E06874}.Debug.ActiveCfg = Debug|.NET
		{806DEF16-523C-4365-8722-043455E06874}.Debug.Build.0 = Debug|.NET
		{806DEF16-523C-4365-8722-043455E06874}.Release.ActiveCfg = Release|.NET
		{806DEF16-523C-4365-8722-043455E06874}.Release.Build.0 = Release|.NET
		{B1BC03B4-7078-4B44-8CDA-C0FF0BDD0C58}.Debug.ActiveCfg = Debug|.NET
		{B1BC03B4-7078-4B44-8CDA-C0FF0BDD0C58}.Debug.Build.0 = Debug|.NET
		{B1BC03B4-7078-4B44-8CDA-C0FF0BDD0C58}.Release.ActiveCfg = Release|.NET
		{B1BC03B4-7078-4B44-8CDA-C0FF0BDD0C58}.Release.Build.0 = Release|.NET
	EndGlobalSection
	GlobalSection(ExtensibilityGlobals) = postSolution
	EndGlobalSection
	GlobalSection(ExtensibilityAddIns) = postSolution
	EndGlobalSection
EndGlobal
